
Microsoft Visual Studio Solution File, Format Version 12.00
# Visual Studio Version 18
VisualStudioVersion = 18.5.11709.299
MinimumVisualStudioVersion = 10.0.40219.1
Project("{FAE04EC0-301F-11D3-BF4B-00C04F79EFBC}") = "Systel.Shared", "Systel.Shared\Systel.Shared.csproj", "{62D7311B-3F6C-6BF4-2423-C0087821C7EA}"
EndProject
Project("{2150E333-8FDC-42A3-9474-1A3956D46DE8}") = "k8s", "k8s", "{02EA681E-C7D8-13C7-8484-4AC65E1B71E8}"
EndProject
Project("{2150E333-8FDC-42A3-9474-1A3956D46DE8}") = "dev", "dev", "{FDB88B3E-47C9-453D-9942-C5E8AFAF2874}"
	ProjectSection(SolutionItems) = preProject
		k8s\dev\bff-service.yaml = k8s\dev\bff-service.yaml
		k8s\DEV\master-service.yaml = k8s\DEV\master-service.yaml
	EndProjectSection
EndProject
Project("{2150E333-8FDC-42A3-9474-1A3956D46DE8}") = "sit", "sit", "{A50C0270-2730-4EA4-8A63-760BB5458480}"
	ProjectSection(SolutionItems) = preProject
		k8s\SIT\master-service-sit.yaml = k8s\SIT\master-service-sit.yaml
	EndProjectSection
EndProject
Project("{2150E333-8FDC-42A3-9474-1A3956D46DE8}") = "Apps", "Apps", "{FE98C94F-51AF-4699-8C1A-7EBF0426A2F9}"
EndProject
Project("{2150E333-8FDC-42A3-9474-1A3956D46DE8}") = "MasterService", "MasterService", "{746B89DB-2745-40AF-B388-DEE729E997C9}"
EndProject
Project("{2150E333-8FDC-42A3-9474-1A3956D46DE8}") = "CustomerService", "CustomerService", "{06E46875-4477-45A0-847F-05615D9937A2}"
EndProject
Project("{FAE04EC0-301F-11D3-BF4B-00C04F79EFBC}") = "MasterService.Api", "Apps\MasterService\MasterService.Api\MasterService.Api.csproj", "{F3384A99-F92B-35A7-A2DD-3B921497545A}"
EndProject
Project("{FAE04EC0-301F-11D3-BF4B-00C04F79EFBC}") = "MasterService.Application", "Apps\MasterService\MasterService.Application\MasterService.Application.csproj", "{D8622E1F-39D7-3381-DBED-20940480D4DC}"
EndProject
Project("{FAE04EC0-301F-11D3-BF4B-00C04F79EFBC}") = "MasterService.Domain", "Apps\MasterService\MasterService.Domain\MasterService.Domain.csproj", "{A45EEEAE-31D8-D70C-E912-39DAB86037D6}"
EndProject
Project("{FAE04EC0-301F-11D3-BF4B-00C04F79EFBC}") = "MasterService.Infrastructure", "Apps\MasterService\MasterService.Infrastructure\MasterService.Infrastructure.csproj", "{27B42CB7-AD79-E04B-70FB-479DBAB570BF}"
EndProject
Project("{2150E333-8FDC-42A3-9474-1A3956D46DE8}") = "Solution Items", "Solution Items", "{8EC462FD-D22E-90A8-E5CE-7E832BA40C5D}"
	ProjectSection(SolutionItems) = preProject
		.editorconfig = .editorconfig
		Directory.Build.props = Directory.Build.props
		docker-compose.yml = docker-compose.yml
		editorconfig = editorconfig
	EndProjectSection
EndProject
Project("{2150E333-8FDC-42A3-9474-1A3956D46DE8}") = "BFFService", "BFFService", "{56168C0B-C856-42F7-984D-002A7B49837A}"
EndProject
Project("{FAE04EC0-301F-11D3-BF4B-00C04F79EFBC}") = "BFFService.Api", "Apps\BFFService\BFFService.Api\BFFService.Api.csproj", "{57B35BD5-DB2D-D67D-589C-9595F1019936}"
EndProject
Project("{FAE04EC0-301F-11D3-BF4B-00C04F79EFBC}") = "BFFService.Application", "Apps\BFFService\BFFService.Application\BFFService.Application.csproj", "{CDD52EBA-84C1-20FA-C5E1-9D265B9A37CE}"
EndProject
Project("{FAE04EC0-301F-11D3-BF4B-00C04F79EFBC}") = "BFFService.Domain", "Apps\BFFService\BFFService.Domain\BFFService.Domain.csproj", "{E897FEB5-15FB-4E8F-94A0-14DD3F1A7103}"
EndProject
Project("{FAE04EC0-301F-11D3-BF4B-00C04F79EFBC}") = "BFFService.Infrastructure", "Apps\BFFService\BFFService.Infrastructure\BFFService.Infrastructure.csproj", "{F8B8C6C6-7F95-48DB-8B0D-45329160414E}"
EndProject
Project("{FAE04EC0-301F-11D3-BF4B-00C04F79EFBC}") = "CustomerService.Application", "Apps\CustomerService\CustomerService.Application\CustomerService.Application.csproj", "{5E6D6636-65F9-42C1-A839-34577C8A8436}"
EndProject
Project("{FAE04EC0-301F-11D3-BF4B-00C04F79EFBC}") = "CustomerService.Domain", "Apps\CustomerService\CustomerService.Domain\CustomerService.Domain.csproj", "{C17A2D9F-A6B0-4C5C-8BAC-9263A42F1EFD}"
EndProject
Project("{FAE04EC0-301F-11D3-BF4B-00C04F79EFBC}") = "CustomerService.Infrastructure", "Apps\CustomerService\CustomerService.Infrastructure\CustomerService.Infrastructure.csproj", "{62D498BF-FECD-4BC0-96C4-749C82BE8A5E}"
EndProject
Project("{FAE04EC0-301F-11D3-BF4B-00C04F79EFBC}") = "CustomerService.Api", "Apps\CustomerService\CustomerService.Api\CustomerService.Api.csproj", "{F7278979-6F30-4A20-8BBF-4F878E2DE14A}"
EndProject
Project("{2150E333-8FDC-42A3-9474-1A3956D46DE8}") = "AuthService", "AuthService", "{8F03228D-10DD-4D5F-BA0A-378AA06E5DFC}"
EndProject
Project("{FAE04EC0-301F-11D3-BF4B-00C04F79EFBC}") = "AuthService.Api", "Apps\AuthService\AuthService.Api\AuthService.Api.csproj", "{E9319AF5-3EEF-4A5B-BE6D-C0E417ABD9A4}"
EndProject
Project("{FAE04EC0-301F-11D3-BF4B-00C04F79EFBC}") = "AuthService.Domain", "Apps\AuthService\AuthService.Domain\AuthService.Domain.csproj", "{8682EB84-4EF4-4024-BE29-BACB098F04FE}"
EndProject
Project("{FAE04EC0-301F-11D3-BF4B-00C04F79EFBC}") = "AuthService.Application", "Apps\AuthService\AuthService.Application\AuthService.Application.csproj", "{806B69B9-0B71-C863-7A5A-66F830FCD687}"
EndProject
Project("{FAE04EC0-301F-11D3-BF4B-00C04F79EFBC}") = "AuthService.Infrastructure", "Apps\AuthService\AuthService.Infrastructure\AuthService.Infrastructure.csproj", "{B2A816D4-5A3B-4CBC-8E3F-B592FB025D2D}"
EndProject
Global
	GlobalSection(SolutionConfigurationPlatforms) = preSolution
		Debug|Any CPU = Debug|Any CPU
		Release|Any CPU = Release|Any CPU
	EndGlobalSection
	GlobalSection(ProjectConfigurationPlatforms) = postSolution
		{62D7311B-3F6C-6BF4-2423-C0087821C7EA}.Debug|Any CPU.ActiveCfg = Debug|Any CPU
		{62D7311B-3F6C-6BF4-2423-C0087821C7EA}.Debug|Any CPU.Build.0 = Debug|Any CPU
		{62D7311B-3F6C-6BF4-2423-C0087821C7EA}.Release|Any CPU.ActiveCfg = Release|Any CPU
		{62D7311B-3F6C-6BF4-2423-C0087821C7EA}.Release|Any CPU.Build.0 = Release|Any CPU
		{F3384A99-F92B-35A7-A2DD-3B921497545A}.Debug|Any CPU.ActiveCfg = Debug|Any CPU
		{F3384A99-F92B-35A7-A2DD-3B921497545A}.Debug|Any CPU.Build.0 = Debug|Any CPU
		{F3384A99-F92B-35A7-A2DD-3B921497545A}.Release|Any CPU.ActiveCfg = Release|Any CPU
		{F3384A99-F92B-35A7-A2DD-3B921497545A}.Release|Any CPU.Build.0 = Release|Any CPU
		{D8622E1F-39D7-3381-DBED-20940480D4DC}.Debug|Any CPU.ActiveCfg = Debug|Any CPU
		{D8622E1F-39D7-3381-DBED-20940480D4DC}.Debug|Any CPU.Build.0 = Debug|Any CPU
		{D8622E1F-39D7-3381-DBED-20940480D4DC}.Release|Any CPU.ActiveCfg = Release|Any CPU
		{D8622E1F-39D7-3381-DBED-20940480D4DC}.Release|Any CPU.Build.0 = Release|Any CPU
		{A45EEEAE-31D8-D70C-E912-39DAB86037D6}.Debug|Any CPU.ActiveCfg = Debug|Any CPU
		{A45EEEAE-31D8-D70C-E912-39DAB86037D6}.Debug|Any CPU.Build.0 = Debug|Any CPU
		{A45EEEAE-31D8-D70C-E912-39DAB86037D6}.Release|Any CPU.ActiveCfg = Release|Any CPU
		{A45EEEAE-31D8-D70C-E912-39DAB86037D6}.Release|Any CPU.Build.0 = Release|Any CPU
		{27B42CB7-AD79-E04B-70FB-479DBAB570BF}.Debug|Any CPU.ActiveCfg = Debug|Any CPU
		{27B42CB7-AD79-E04B-70FB-479DBAB570BF}.Debug|Any CPU.Build.0 = Debug|Any CPU
		{27B42CB7-AD79-E04B-70FB-479DBAB570BF}.Release|Any CPU.ActiveCfg = Release|Any CPU
		{27B42CB7-AD79-E04B-70FB-479DBAB570BF}.Release|Any CPU.Build.0 = Release|Any CPU
		{57B35BD5-DB2D-D67D-589C-9595F1019936}.Debug|Any CPU.ActiveCfg = Debug|Any CPU
		{57B35BD5-DB2D-D67D-589C-9595F1019936}.Debug|Any CPU.Build.0 = Debug|Any CPU
		{57B35BD5-DB2D-D67D-589C-9595F1019936}.Release|Any CPU.ActiveCfg = Release|Any CPU
		{57B35BD5-DB2D-D67D-589C-9595F1019936}.Release|Any CPU.Build.0 = Release|Any CPU
		{CDD52EBA-84C1-20FA-C5E1-9D265B9A37CE}.Debug|Any CPU.ActiveCfg = Debug|Any CPU
		{CDD52EBA-84C1-20FA-C5E1-9D265B9A37CE}.Debug|Any CPU.Build.0 = Debug|Any CPU
		{CDD52EBA-84C1-20FA-C5E1-9D265B9A37CE}.Release|Any CPU.ActiveCfg = Release|Any CPU
		{CDD52EBA-84C1-20FA-C5E1-9D265B9A37CE}.Release|Any CPU.Build.0 = Release|Any CPU
		{E897FEB5-15FB-4E8F-94A0-14DD3F1A7103}.Debug|Any CPU.ActiveCfg = Debug|Any CPU
		{E897FEB5-15FB-4E8F-94A0-14DD3F1A7103}.Debug|Any CPU.Build.0 = Debug|Any CPU
		{E897FEB5-15FB-4E8F-94A0-14DD3F1A7103}.Release|Any CPU.ActiveCfg = Release|Any CPU
		{E897FEB5-15FB-4E8F-94A0-14DD3F1A7103}.Release|Any CPU.Build.0 = Release|Any CPU
		{F8B8C6C6-7F95-48DB-8B0D-45329160414E}.Debug|Any CPU.ActiveCfg = Debug|Any CPU
		{F8B8C6C6-7F95-48DB-8B0D-45329160414E}.Debug|Any CPU.Build.0 = Debug|Any CPU
		{F8B8C6C6-7F95-48DB-8B0D-45329160414E}.Release|Any CPU.ActiveCfg = Release|Any CPU
		{F8B8C6C6-7F95-48DB-8B0D-45329160414E}.Release|Any CPU.Build.0 = Release|Any CPU
		{5E6D6636-65F9-42C1-A839-34577C8A8436}.Debug|Any CPU.ActiveCfg = Debug|Any CPU
		{5E6D6636-65F9-42C1-A839-34577C8A8436}.Debug|Any CPU.Build.0 = Debug|Any CPU
		{5E6D6636-65F9-42C1-A839-34577C8A8436}.Release|Any CPU.ActiveCfg = Release|Any CPU
		{5E6D6636-65F9-42C1-A839-34577C8A8436}.Release|Any CPU.Build.0 = Release|Any CPU
		{C17A2D9F-A6B0-4C5C-8BAC-9263A42F1EFD}.Debug|Any CPU.ActiveCfg = Debug|Any CPU
		{C17A2D9F-A6B0-4C5C-8BAC-9263A42F1EFD}.Debug|Any CPU.Build.0 = Debug|Any CPU
		{C17A2D9F-A6B0-4C5C-8BAC-9263A42F1EFD}.Release|Any CPU.ActiveCfg = Release|Any CPU
		{C17A2D9F-A6B0-4C5C-8BAC-9263A42F1EFD}.Release|Any CPU.Build.0 = Release|Any CPU
		{62D498BF-FECD-4BC0-96C4-749C82BE8A5E}.Debug|Any CPU.ActiveCfg = Debug|Any CPU
		{62D498BF-FECD-4BC0-96C4-749C82BE8A5E}.Debug|Any CPU.Build.0 = Debug|Any CPU
		{62D498BF-FECD-4BC0-96C4-749C82BE8A5E}.Release|Any CPU.ActiveCfg = Release|Any CPU
		{62D498BF-FECD-4BC0-96C4-749C82BE8A5E}.Release|Any CPU.Build.0 = Release|Any CPU
		{F7278979-6F30-4A20-8BBF-4F878E2DE14A}.Debug|Any CPU.ActiveCfg = Debug|Any CPU
		{F7278979-6F30-4A20-8BBF-4F878E2DE14A}.Debug|Any CPU.Build.0 = Debug|Any CPU
		{F7278979-6F30-4A20-8BBF-4F878E2DE14A}.Release|Any CPU.ActiveCfg = Release|Any CPU
		{F7278979-6F30-4A20-8BBF-4F878E2DE14A}.Release|Any CPU.Build.0 = Release|Any CPU
		{E9319AF5-3EEF-4A5B-BE6D-C0E417ABD9A4}.Debug|Any CPU.ActiveCfg = Debug|Any CPU
		{E9319AF5-3EEF-4A5B-BE6D-C0E417ABD9A4}.Debug|Any CPU.Build.0 = Debug|Any CPU
		{E9319AF5-3EEF-4A5B-BE6D-C0E417ABD9A4}.Release|Any CPU.ActiveCfg = Release|Any CPU
		{E9319AF5-3EEF-4A5B-BE6D-C0E417ABD9A4}.Release|Any CPU.Build.0 = Release|Any CPU
		{8682EB84-4EF4-4024-BE29-BACB098F04FE}.Debug|Any CPU.ActiveCfg = Debug|Any CPU
		{8682EB84-4EF4-4024-BE29-BACB098F04FE}.Debug|Any CPU.Build.0 = Debug|Any CPU
		{8682EB84-4EF4-4024-BE29-BACB098F04FE}.Release|Any CPU.ActiveCfg = Release|Any CPU
		{8682EB84-4EF4-4024-BE29-BACB098F04FE}.Release|Any CPU.Build.0 = Release|Any CPU
		{806B69B9-0B71-C863-7A5A-66F830FCD687}.Debug|Any CPU.ActiveCfg = Debug|Any CPU
		{806B69B9-0B71-C863-7A5A-66F830FCD687}.Debug|Any CPU.Build.0 = Debug|Any CPU
		{806B69B9-0B71-C863-7A5A-66F830FCD687}.Release|Any CPU.ActiveCfg = Release|Any CPU
		{806B69B9-0B71-C863-7A5A-66F830FCD687}.Release|Any CPU.Build.0 = Release|Any CPU
		{B2A816D4-5A3B-4CBC-8E3F-B592FB025D2D}.Debug|Any CPU.ActiveCfg = Debug|Any CPU
		{B2A816D4-5A3B-4CBC-8E3F-B592FB025D2D}.Debug|Any CPU.Build.0 = Debug|Any CPU
		{B2A816D4-5A3B-4CBC-8E3F-B592FB025D2D}.Release|Any CPU.ActiveCfg = Release|Any CPU
		{B2A816D4-5A3B-4CBC-8E3F-B592FB025D2D}.Release|Any CPU.Build.0 = Release|Any CPU
	EndGlobalSection
	GlobalSection(SolutionProperties) = preSolution
		HideSolutionNode = FALSE
	EndGlobalSection
	GlobalSection(NestedProjects) = preSolution
		{FDB88B3E-47C9-453D-9942-C5E8AFAF2874} = {02EA681E-C7D8-13C7-8484-4AC65E1B71E8}
		{A50C0270-2730-4EA4-8A63-760BB5458480} = {02EA681E-C7D8-13C7-8484-4AC65E1B71E8}
		{746B89DB-2745-40AF-B388-DEE729E997C9} = {FE98C94F-51AF-4699-8C1A-7EBF0426A2F9}
		{06E46875-4477-45A0-847F-05615D9937A2} = {FE98C94F-51AF-4699-8C1A-7EBF0426A2F9}
		{F3384A99-F92B-35A7-A2DD-3B921497545A} = {746B89DB-2745-40AF-B388-DEE729E997C9}
		{D8622E1F-39D7-3381-DBED-20940480D4DC} = {746B89DB-2745-40AF-B388-DEE729E997C9}
		{A45EEEAE-31D8-D70C-E912-39DAB86037D6} = {746B89DB-2745-40AF-B388-DEE729E997C9}
		{27B42CB7-AD79-E04B-70FB-479DBAB570BF} = {746B89DB-2745-40AF-B388-DEE729E997C9}
		{56168C0B-C856-42F7-984D-002A7B49837A} = {FE98C94F-51AF-4699-8C1A-7EBF0426A2F9}
		{57B35BD5-DB2D-D67D-589C-9595F1019936} = {56168C0B-C856-42F7-984D-002A7B49837A}
		{CDD52EBA-84C1-20FA-C5E1-9D265B9A37CE} = {56168C0B-C856-42F7-984D-002A7B49837A}
		{E897FEB5-15FB-4E8F-94A0-14DD3F1A7103} = {56168C0B-C856-42F7-984D-002A7B49837A}
		{F8B8C6C6-7F95-48DB-8B0D-45329160414E} = {56168C0B-C856-42F7-984D-002A7B49837A}
		{5E6D6636-65F9-42C1-A839-34577C8A8436} = {06E46875-4477-45A0-847F-05615D9937A2}
		{C17A2D9F-A6B0-4C5C-8BAC-9263A42F1EFD} = {06E46875-4477-45A0-847F-05615D9937A2}
		{62D498BF-FECD-4BC0-96C4-749C82BE8A5E} = {06E46875-4477-45A0-847F-05615D9937A2}
		{F7278979-6F30-4A20-8BBF-4F878E2DE14A} = {06E46875-4477-45A0-847F-05615D9937A2}
		{8F03228D-10DD-4D5F-BA0A-378AA06E5DFC} = {FE98C94F-51AF-4699-8C1A-7EBF0426A2F9}
		{E9319AF5-3EEF-4A5B-BE6D-C0E417ABD9A4} = {8F03228D-10DD-4D5F-BA0A-378AA06E5DFC}
		{8682EB84-4EF4-4024-BE29-BACB098F04FE} = {8F03228D-10DD-4D5F-BA0A-378AA06E5DFC}
		{806B69B9-0B71-C863-7A5A-66F830FCD687} = {8F03228D-10DD-4D5F-BA0A-378AA06E5DFC}
		{B2A816D4-5A3B-4CBC-8E3F-B592FB025D2D} = {8F03228D-10DD-4D5F-BA0A-378AA06E5DFC}
	EndGlobalSection
	GlobalSection(ExtensibilityGlobals) = postSolution
		SolutionGuid = {5F47AA08-F49C-4B56-A4B8-F178F9926942}
	EndGlobalSection
EndGlobal
